
Microsoft Visual Studio Solution File, Format Version 12.00
# Visual Studio Version 16
VisualStudioVersion = 16.0.30204.135
MinimumVisualStudioVersion = 10.0.40219.1
Project("{FAE04EC0-301F-11D3-BF4B-00C04F79EFBC}") = "QuotesApi", "QuotesApi\QuotesApi.csproj", "{33FD00D8-3DDC-4193-90A7-3A570C6BA890}"
EndProject
Global
	GlobalSection(SolutionConfigurationPlatforms) = preSolution
		Debug|Any CPU = Debug|Any CPU
		Release|Any CPU = Release|Any CPU
	EndGlobalSection
	GlobalSection(ProjectConfigurationPlatforms) = postSolution
		{33FD00D8-3DDC-4193-90A7-3A570C6BA890}.Debug|Any CPU.ActiveCfg = Debug|Any CPU
		{33FD00D8-3DDC-4193-90A7-3A570C6BA890}.Debug|Any CPU.Build.0 = Debug|Any CPU
		{33FD00D8-3DDC-4193-90A7-3A570C6BA890}.Release|Any CPU.ActiveCfg = Release|Any CPU
		{33FD00D8-3DDC-4193-90A7-3A570C6BA890}.Release|Any CPU.Build.0 = Release|Any CPU
	EndGlobalSection
	GlobalSection(SolutionProperties) = preSolution
		HideSolutionNode = FALSE
	EndGlobalSection
	GlobalSection(ExtensibilityGlobals) = postSolution
		SolutionGuid = {239BE68E-6E1A-4262-8EB6-86A926D1763A}
	EndGlobalSection
EndGlobal
